dependencies:
- name: alertmanager
  repository: https://prometheus-community.github.io/helm-charts
  version: 1.15.1
- name: kube-state-metrics
  repository: https://prometheus-community.github.io/helm-charts
  version: 5.30.0
- name: prometheus-node-exporter
  repository: https://prometheus-community.github.io/helm-charts
  version: 4.43.1
- name: prometheus-pushgateway
  repository: https://prometheus-community.github.io/helm-charts
  version: 3.0.0
digest: sha256:14e8b95438934152d4204a5505479427f758f0db27d6e154ef87e3279984858f
generated: "2025-02-26T16:59:02.172959+01:00"
